// !$*UTF8*$!
{
	archiveVersion = 1;
	classes = {
	};
	objectVersion = 46;
	objects = {

/* Begin PBXBuildFile section */
		05031B9A1A40A1EE00437D20 /* JunctionPacket.m in Sources */ = {isa = PBXBuildFile; fileRef = 05031B991A40A1EE00437D20 /* JunctionPacket.m */; };
		05031BBF1A40D55A00437D20 /* MessagePackPacker.m in Sources */ = {isa = PBXBuildFile; fileRef = 05031B9E1A40D55A00437D20 /* MessagePackPacker.m */; };
		05031BC01A40D55A00437D20 /* MessagePackParser+Streaming.m in Sources */ = {isa = PBXBuildFile; fileRef = 05031BA01A40D55A00437D20 /* MessagePackParser+Streaming.m */; };
		05031BC11A40D55A00437D20 /* MessagePackParser.m in Sources */ = {isa = PBXBuildFile; fileRef = 05031BA21A40D55A00437D20 /* MessagePackParser.m */; };
		05031BC21A40D55A00437D20 /* objectc.c in Sources */ = {isa = PBXBuildFile; fileRef = 05031BB31A40D55A00437D20 /* objectc.c */; };
		05031BC31A40D55A00437D20 /* unpack.c in Sources */ = {isa = PBXBuildFile; fileRef = 05031BB41A40D55A00437D20 /* unpack.c */; };
		05031BC41A40D55A00437D20 /* version.c in Sources */ = {isa = PBXBuildFile; fileRef = 05031BB51A40D55A00437D20 /* version.c */; };
		05031BC51A40D55A00437D20 /* vrefbuffer.c in Sources */ = {isa = PBXBuildFile; fileRef = 05031BB61A40D55A00437D20 /* vrefbuffer.c */; };
		05031BC61A40D55A00437D20 /* zone.c in Sources */ = {isa = PBXBuildFile; fileRef = 05031BB71A40D55A00437D20 /* zone.c */; };
		05031BC71A40D55A00437D20 /* NSArray+MessagePack.m in Sources */ = {isa = PBXBuildFile; fileRef = 05031BB91A40D55A00437D20 /* NSArray+MessagePack.m */; };
		05031BC81A40D55A00437D20 /* NSData+MessagePack.m in Sources */ = {isa = PBXBuildFile; fileRef = 05031BBB1A40D55A00437D20 /* NSData+MessagePack.m */; };
		05031BC91A40D55A00437D20 /* NSDictionary+MessagePack.m in Sources */ = {isa = PBXBuildFile; fileRef = 05031BBD1A40D55A00437D20 /* NSDictionary+MessagePack.m */; };
		05031BCA1A40D55A00437D20 /* readme.md in Sources */ = {isa = PBXBuildFile; fileRef = 05031BBE1A40D55A00437D20 /* readme.md */; };
		05031BCC1A40D64A00437D20 /* JunctionPacketTests.m in Sources */ = {isa = PBXBuildFile; fileRef = 05031BCB1A40D64A00437D20 /* JunctionPacketTests.m */; };
		0541CF091A1D5BBE00B5315F /* AppDelegate.m in Sources */ = {isa = PBXBuildFile; fileRef = 0541CF081A1D5BBE00B5315F /* AppDelegate.m */; };
		0541CF0B1A1D5BBE00B5315F /* main.m in Sources */ = {isa = PBXBuildFile; fileRef = 0541CF0A1A1D5BBE00B5315F /* main.m */; };
		0541CF0D1A1D5BBE00B5315F /* Images.xcassets in Resources */ = {isa = PBXBuildFile; fileRef = 0541CF0C1A1D5BBE00B5315F /* Images.xcassets */; };
		0541CF101A1D5BBE00B5315F /* MainMenu.xib in Resources */ = {isa = PBXBuildFile; fileRef = 0541CF0E1A1D5BBE00B5315F /* MainMenu.xib */; };
		0541CF6D1A1D5E5300B5315F /* junction16x16.png in Resources */ = {isa = PBXBuildFile; fileRef = 0541CF6B1A1D5E5300B5315F /* junction16x16.png */; };
		0541CF6E1A1D5E5300B5315F /* junction16x16@2x.png in Resources */ = {isa = PBXBuildFile; fileRef = 0541CF6C1A1D5E5300B5315F /* junction16x16@2x.png */; };
		0541CF721A1DAF1B00B5315F /* ConfigViewController.m in Sources */ = {isa = PBXBuildFile; fileRef = 0541CF701A1DAF1B00B5315F /* ConfigViewController.m */; };
		0541CF731A1DAF1B00B5315F /* ConfigViewController.xib in Resources */ = {isa = PBXBuildFile; fileRef = 0541CF711A1DAF1B00B5315F /* ConfigViewController.xib */; };
		05C22CE41A1E509600086C4D /* junction_error16x16.png in Resources */ = {isa = PBXBuildFile; fileRef = 05C22CDE1A1E509600086C4D /* junction_error16x16.png */; };
		05C22CE51A1E509600086C4D /* junction_error16x16@2x.png in Resources */ = {isa = PBXBuildFile; fileRef = 05C22CDF1A1E509600086C4D /* junction_error16x16@2x.png */; };
		05C22CE61A1E509600086C4D /* junction_offline16x16.png in Resources */ = {isa = PBXBuildFile; fileRef = 05C22CE01A1E509600086C4D /* junction_offline16x16.png */; };
		05C22CE71A1E509600086C4D /* junction_offline16x16@2x.png in Resources */ = {isa = PBXBuildFile; fileRef = 05C22CE11A1E509600086C4D /* junction_offline16x16@2x.png */; };
		05C22CE81A1E509600086C4D /* junction_okay16x16.png in Resources */ = {isa = PBXBuildFile; fileRef = 05C22CE21A1E509600086C4D /* junction_okay16x16.png */; };
		05C22CE91A1E509600086C4D /* junction_okay16x16@2x.png in Resources */ = {isa = PBXBuildFile; fileRef = 05C22CE31A1E509600086C4D /* junction_okay16x16@2x.png */; };
		4CD50DA93553BB5F4D6FEB31 /* libPods-Junction.a in Frameworks */ = {isa = PBXBuildFile; fileRef = AE256E146C72DD715991B087 /* libPods-Junction.a */; };
/* End PBXBuildFile section */

/* Begin PBXContainerItemProxy section */
		0541CF161A1D5BBF00B5315F /* PBXContainerItemProxy */ = {
			isa = PBXContainerItemProxy;
			containerPortal = 0541CEFA1A1D5BBE00B5315F /* Project object */;
			proxyType = 1;
			remoteGlobalIDString = 0541CF011A1D5BBE00B5315F;
			remoteInfo = Junction;
		};
/* End PBXContainerItemProxy section */

/* Begin PBXFileReference section */
		05031B981A40A1EE00437D20 /* JunctionPacket.h */ = {isa = PBXFileReference; fileEncoding = 4; lastKnownFileType = sourcecode.c.h; path = JunctionPacket.h; sourceTree = "<group>"; };
		05031B991A40A1EE00437D20 /* JunctionPacket.m */ = {isa = PBXFileReference; fileEncoding = 4; lastKnownFileType = sourcecode.c.objc; path = JunctionPacket.m; sourceTree = "<group>"; };
		05031B9C1A40D55A00437D20 /* MessagePack.h */ = {isa = PBXFileReference; fileEncoding = 4; lastKnownFileType = sourcecode.c.h; path = MessagePack.h; sourceTree = "<group>"; };
		05031B9D1A40D55A00437D20 /* MessagePackPacker.h */ = {isa = PBXFileReference; fileEncoding = 4; lastKnownFileType = sourcecode.c.h; path = MessagePackPacker.h; sourceTree = "<group>"; };
		05031B9E1A40D55A00437D20 /* MessagePackPacker.m */ = {isa = PBXFileReference; fileEncoding = 4; lastKnownFileType = sourcecode.c.objc; path = MessagePackPacker.m; sourceTree = "<group>"; };
		05031B9F1A40D55A00437D20 /* MessagePackParser+Streaming.h */ = {isa = PBXFileReference; fileEncoding = 4; lastKnownFileType = sourcecode.c.h; path = "MessagePackParser+Streaming.h"; sourceTree = "<group>"; };
		05031BA01A40D55A00437D20 /* MessagePackParser+Streaming.m */ = {isa = PBXFileReference; fileEncoding = 4; lastKnownFileType = sourcecode.c.objc; path = "MessagePackParser+Streaming.m"; sourceTree = "<group>"; };
		05031BA11A40D55A00437D20 /* MessagePackParser.h */ = {isa = PBXFileReference; fileEncoding = 4; lastKnownFileType = sourcecode.c.h; path = MessagePackParser.h; sourceTree = "<group>"; };
		05031BA21A40D55A00437D20 /* MessagePackParser.m */ = {isa = PBXFileReference; fileEncoding = 4; lastKnownFileType = sourcecode.c.objc; path = MessagePackParser.m; sourceTree = "<group>"; };
		05031BA51A40D55A00437D20 /* object.h */ = {isa = PBXFileReference; fileEncoding = 4; lastKnownFileType = sourcecode.c.h; path = object.h; sourceTree = "<group>"; };
		05031BA61A40D55A00437D20 /* pack.h */ = {isa = PBXFileReference; fileEncoding = 4; lastKnownFileType = sourcecode.c.h; path = pack.h; sourceTree = "<group>"; };
		05031BA71A40D55A00437D20 /* pack_define.h */ = {isa = PBXFileReference; fileEncoding = 4; lastKnownFileType = sourcecode.c.h; path = pack_define.h; sourceTree = "<group>"; };
		05031BA81A40D55A00437D20 /* pack_template.h */ = {isa = PBXFileReference; fileEncoding = 4; lastKnownFileType = sourcecode.c.h; path = pack_template.h; sourceTree = "<group>"; };
		05031BA91A40D55A00437D20 /* sbuffer.h */ = {isa = PBXFileReference; fileEncoding = 4; lastKnownFileType = sourcecode.c.h; path = sbuffer.h; sourceTree = "<group>"; };
		05031BAA1A40D55A00437D20 /* sysdep.h */ = {isa = PBXFileReference; fileEncoding = 4; lastKnownFileType = sourcecode.c.h; path = sysdep.h; sourceTree = "<group>"; };
		05031BAB1A40D55A00437D20 /* unpack.h */ = {isa = PBXFileReference; fileEncoding = 4; lastKnownFileType = sourcecode.c.h; path = unpack.h; sourceTree = "<group>"; };
		05031BAC1A40D55A00437D20 /* unpack_define.h */ = {isa = PBXFileReference; fileEncoding = 4; lastKnownFileType = sourcecode.c.h; path = unpack_define.h; sourceTree = "<group>"; };
		05031BAD1A40D55A00437D20 /* unpack_template.h */ = {isa = PBXFileReference; fileEncoding = 4; lastKnownFileType = sourcecode.c.h; path = unpack_template.h; sourceTree = "<group>"; };
		05031BAE1A40D55A00437D20 /* version.h */ = {isa = PBXFileReference; fileEncoding = 4; lastKnownFileType = sourcecode.c.h; path = version.h; sourceTree = "<group>"; };
		05031BAF1A40D55A00437D20 /* vrefbuffer.h */ = {isa = PBXFileReference; fileEncoding = 4; lastKnownFileType = sourcecode.c.h; path = vrefbuffer.h; sourceTree = "<group>"; };
		05031BB01A40D55A00437D20 /* zbuffer.h */ = {isa = PBXFileReference; fileEncoding = 4; lastKnownFileType = sourcecode.c.h; path = zbuffer.h; sourceTree = "<group>"; };
		05031BB11A40D55A00437D20 /* zone.h */ = {isa = PBXFileReference; fileEncoding = 4; lastKnownFileType = sourcecode.c.h; path = zone.h; sourceTree = "<group>"; };
		05031BB21A40D55A00437D20 /* msgpack.h */ = {isa = PBXFileReference; fileEncoding = 4; lastKnownFileType = sourcecode.c.h; path = msgpack.h; sourceTree = "<group>"; };
		05031BB31A40D55A00437D20 /* objectc.c */ = {isa = PBXFileReference; fileEncoding = 4; lastKnownFileType = sourcecode.c.c; path = objectc.c; sourceTree = "<group>"; };
		05031BB41A40D55A00437D20 /* unpack.c */ = {isa = PBXFileReference; fileEncoding = 4; lastKnownFileType = sourcecode.c.c; path = unpack.c; sourceTree = "<group>"; };
		05031BB51A40D55A00437D20 /* version.c */ = {isa = PBXFileReference; fileEncoding = 4; lastKnownFileType = sourcecode.c.c; path = version.c; sourceTree = "<group>"; };
		05031BB61A40D55A00437D20 /* vrefbuffer.c */ = {isa = PBXFileReference; fileEncoding = 4; lastKnownFileType = sourcecode.c.c; path = vrefbuffer.c; sourceTree = "<group>"; };
		05031BB71A40D55A00437D20 /* zone.c */ = {isa = PBXFileReference; fileEncoding = 4; lastKnownFileType = sourcecode.c.c; path = zone.c; sourceTree = "<group>"; };
		05031BB81A40D55A00437D20 /* NSArray+MessagePack.h */ = {isa = PBXFileReference; fileEncoding = 4; lastKnownFileType = sourcecode.c.h; path = "NSArray+MessagePack.h"; sourceTree = "<group>"; };
		05031BB91A40D55A00437D20 /* NSArray+MessagePack.m */ = {isa = PBXFileReference; fileEncoding = 4; lastKnownFileType = sourcecode.c.objc; path = "NSArray+MessagePack.m"; sourceTree = "<group>"; };
		05031BBA1A40D55A00437D20 /* NSData+MessagePack.h */ = {isa = PBXFileReference; fileEncoding = 4; lastKnownFileType = sourcecode.c.h; path = "NSData+MessagePack.h"; sourceTree = "<group>"; };
		05031BBB1A40D55A00437D20 /* NSData+MessagePack.m */ = {isa = PBXFileReference; fileEncoding = 4; lastKnownFileType = sourcecode.c.objc; path = "NSData+MessagePack.m"; sourceTree = "<group>"; };
		05031BBC1A40D55A00437D20 /* NSDictionary+MessagePack.h */ = {isa = PBXFileReference; fileEncoding = 4; lastKnownFileType = sourcecode.c.h; path = "NSDictionary+MessagePack.h"; sourceTree = "<group>"; };
		05031BBD1A40D55A00437D20 /* NSDictionary+MessagePack.m */ = {isa = PBXFileReference; fileEncoding = 4; lastKnownFileType = sourcecode.c.objc; path = "NSDictionary+MessagePack.m"; sourceTree = "<group>"; };
		05031BBE1A40D55A00437D20 /* readme.md */ = {isa = PBXFileReference; fileEncoding = 4; lastKnownFileType = net.daringfireball.markdown; path = readme.md; sourceTree = "<group>"; };
		05031BCB1A40D64A00437D20 /* JunctionPacketTests.m */ = {isa = PBXFileReference; fileEncoding = 4; lastKnownFileType = sourcecode.c.objc; path = JunctionPacketTests.m; sourceTree = "<group>"; };
		0541CF021A1D5BBE00B5315F /* Junction.app */ = {isa = PBXFileReference; explicitFileType = wrapper.application; includeInIndex = 0; path = Junction.app; sourceTree = BUILT_PRODUCTS_DIR; };
		0541CF061A1D5BBE00B5315F /* Info.plist */ = {isa = PBXFileReference; lastKnownFileType = text.plist.xml; path = Info.plist; sourceTree = "<group>"; };
		0541CF071A1D5BBE00B5315F /* AppDelegate.h */ = {isa = PBXFileReference; lastKnownFileType = sourcecode.c.h; path = AppDelegate.h; sourceTree = "<group>"; };
		0541CF081A1D5BBE00B5315F /* AppDelegate.m */ = {isa = PBXFileReference; lastKnownFileType = sourcecode.c.objc; path = AppDelegate.m; sourceTree = "<group>"; };
		0541CF0A1A1D5BBE00B5315F /* main.m */ = {isa = PBXFileReference; lastKnownFileType = sourcecode.c.objc; path = main.m; sourceTree = "<group>"; };
		0541CF0C1A1D5BBE00B5315F /* Images.xcassets */ = {isa = PBXFileReference; lastKnownFileType = folder.assetcatalog; path = Images.xcassets; sourceTree = "<group>"; };
		0541CF0F1A1D5BBE00B5315F /* Base */ = {isa = PBXFileReference; lastKnownFileType = file.xib; name = Base; path = Base.lproj/MainMenu.xib; sourceTree = "<group>"; };
		0541CF151A1D5BBF00B5315F /* JunctionTests.xctest */ = {isa = PBXFileReference; explicitFileType = wrapper.cfbundle; includeInIndex = 0; path = JunctionTests.xctest; sourceTree = BUILT_PRODUCTS_DIR; };
		0541CF1A1A1D5BBF00B5315F /* Info.plist */ = {isa = PBXFileReference; lastKnownFileType = text.plist.xml; path = Info.plist; sourceTree = "<group>"; };
		0541CF6B1A1D5E5300B5315F /* junction16x16.png */ = {isa = PBXFileReference; lastKnownFileType = image.png; path = junction16x16.png; sourceTree = "<group>"; };
		0541CF6C1A1D5E5300B5315F /* junction16x16@2x.png */ = {isa = PBXFileReference; lastKnownFileType = image.png; path = "junction16x16@2x.png"; sourceTree = "<group>"; };
		0541CF6F1A1DAF1B00B5315F /* ConfigViewController.h */ = {isa = PBXFileReference; fileEncoding = 4; lastKnownFileType = sourcecode.c.h; path = ConfigViewController.h; sourceTree = "<group>"; };
		0541CF701A1DAF1B00B5315F /* ConfigViewController.m */ = {isa = PBXFileReference; fileEncoding = 4; lastKnownFileType = sourcecode.c.objc; path = ConfigViewController.m; sourceTree = "<group>"; };
		0541CF711A1DAF1B00B5315F /* ConfigViewController.xib */ = {isa = PBXFileReference; fileEncoding = 4; lastKnownFileType = file.xib; path = ConfigViewController.xib; sourceTree = "<group>"; };
		05C22CDE1A1E509600086C4D /* junction_error16x16.png */ = {isa = PBXFileReference; lastKnownFileType = image.png; path = junction_error16x16.png; sourceTree = "<group>"; };
		05C22CDF1A1E509600086C4D /* junction_error16x16@2x.png */ = {isa = PBXFileReference; lastKnownFileType = image.png; path = "junction_error16x16@2x.png"; sourceTree = "<group>"; };
		05C22CE01A1E509600086C4D /* junction_offline16x16.png */ = {isa = PBXFileReference; lastKnownFileType = image.png; path = junction_offline16x16.png; sourceTree = "<group>"; };
		05C22CE11A1E509600086C4D /* junction_offline16x16@2x.png */ = {isa = PBXFileReference; lastKnownFileType = image.png; path = "junction_offline16x16@2x.png"; sourceTree = "<group>"; };
		05C22CE21A1E509600086C4D /* junction_okay16x16.png */ = {isa = PBXFileReference; lastKnownFileType = image.png; path = junction_okay16x16.png; sourceTree = "<group>"; };
		05C22CE31A1E509600086C4D /* junction_okay16x16@2x.png */ = {isa = PBXFileReference; lastKnownFileType = image.png; path = "junction_okay16x16@2x.png"; sourceTree = "<group>"; };
		3947F718F556E497983BCEBD /* Pods-Junction.debug.xcconfig */ = {isa = PBXFileReference; includeInIndex = 1; lastKnownFileType = text.xcconfig; name = "Pods-Junction.debug.xcconfig"; path = "Pods/Target Support Files/Pods-Junction/Pods-Junction.debug.xcconfig"; sourceTree = "<group>"; };
		8345851BBCDE7EA9428BD949 /* Pods-Junction.release.xcconfig */ = {isa = PBXFileReference; includeInIndex = 1; lastKnownFileType = text.xcconfig; name = "Pods-Junction.release.xcconfig"; path = "Pods/Target Support Files/Pods-Junction/Pods-Junction.release.xcconfig"; sourceTree = "<group>"; };
		AE256E146C72DD715991B087 /* libPods-Junction.a */ = {isa = PBXFileReference; explicitFileType = archive.ar; includeInIndex = 0; path = "libPods-Junction.a"; sourceTree = BUILT_PRODUCTS_DIR; };
/* End PBXFileReference section */

/* Begin PBXFrameworksBuildPhase section */
		0541CEFF1A1D5BBE00B5315F /* Frameworks */ = {
			isa = PBXFrameworksBuildPhase;
			buildActionMask = 2147483647;
			files = (
				4CD50DA93553BB5F4D6FEB31 /* libPods-Junction.a in Frameworks */,
			);
			runOnlyForDeploymentPostprocessing = 0;
		};
		0541CF121A1D5BBF00B5315F /* Frameworks */ = {
			isa = PBXFrameworksBuildPhase;
			buildActionMask = 2147483647;
			files = (
			);
			runOnlyForDeploymentPostprocessing = 0;
		};
/* End PBXFrameworksBuildPhase section */

/* Begin PBXGroup section */
		05031B9B1A40D55A00437D20 /* msgpack-objectivec */ = {
			isa = PBXGroup;
			children = (
				05031B9C1A40D55A00437D20 /* MessagePack.h */,
				05031B9D1A40D55A00437D20 /* MessagePackPacker.h */,
				05031B9E1A40D55A00437D20 /* MessagePackPacker.m */,
				05031B9F1A40D55A00437D20 /* MessagePackParser+Streaming.h */,
				05031BA01A40D55A00437D20 /* MessagePackParser+Streaming.m */,
				05031BA11A40D55A00437D20 /* MessagePackParser.h */,
				05031BA21A40D55A00437D20 /* MessagePackParser.m */,
				05031BA31A40D55A00437D20 /* msgpack_src */,
				05031BB81A40D55A00437D20 /* NSArray+MessagePack.h */,
				05031BB91A40D55A00437D20 /* NSArray+MessagePack.m */,
				05031BBA1A40D55A00437D20 /* NSData+MessagePack.h */,
				05031BBB1A40D55A00437D20 /* NSData+MessagePack.m */,
				05031BBC1A40D55A00437D20 /* NSDictionary+MessagePack.h */,
				05031BBD1A40D55A00437D20 /* NSDictionary+MessagePack.m */,
				05031BBE1A40D55A00437D20 /* readme.md */,
			);
			name = "msgpack-objectivec";
			path = "vendor/msgpack-objectivec";
			sourceTree = "<group>";
		};
		05031BA31A40D55A00437D20 /* msgpack_src */ = {
			isa = PBXGroup;
			children = (
				05031BA41A40D55A00437D20 /* msgpack */,
				05031BB21A40D55A00437D20 /* msgpack.h */,
				05031BB31A40D55A00437D20 /* objectc.c */,
				05031BB41A40D55A00437D20 /* unpack.c */,
				05031BB51A40D55A00437D20 /* version.c */,
				05031BB61A40D55A00437D20 /* vrefbuffer.c */,
				05031BB71A40D55A00437D20 /* zone.c */,
			);
			path = msgpack_src;
			sourceTree = "<group>";
		};
		05031BA41A40D55A00437D20 /* msgpack */ = {
			isa = PBXGroup;
			children = (
				05031BA51A40D55A00437D20 /* object.h */,
				05031BA61A40D55A00437D20 /* pack.h */,
				05031BA71A40D55A00437D20 /* pack_define.h */,
				05031BA81A40D55A00437D20 /* pack_template.h */,
				05031BA91A40D55A00437D20 /* sbuffer.h */,
				05031BAA1A40D55A00437D20 /* sysdep.h */,
				05031BAB1A40D55A00437D20 /* unpack.h */,
				05031BAC1A40D55A00437D20 /* unpack_define.h */,
				05031BAD1A40D55A00437D20 /* unpack_template.h */,
				05031BAE1A40D55A00437D20 /* version.h */,
				05031BAF1A40D55A00437D20 /* vrefbuffer.h */,
				05031BB01A40D55A00437D20 /* zbuffer.h */,
				05031BB11A40D55A00437D20 /* zone.h */,
			);
			path = msgpack;
			sourceTree = "<group>";
		};
		0541CEF91A1D5BBE00B5315F = {
			isa = PBXGroup;
			children = (
				0541CF041A1D5BBE00B5315F /* Junction */,
				0541CF181A1D5BBF00B5315F /* JunctionTests */,
				0541CF031A1D5BBE00B5315F /* Products */,
				56D63D389FFD01A30374B3AD /* Pods */,
				CEC188876F80E108A0A73CCF /* Frameworks */,
			);
			sourceTree = "<group>";
		};
		0541CF031A1D5BBE00B5315F /* Products */ = {
			isa = PBXGroup;
			children = (
				0541CF021A1D5BBE00B5315F /* Junction.app */,
				0541CF151A1D5BBF00B5315F /* JunctionTests.xctest */,
			);
			name = Products;
			sourceTree = "<group>";
		};
		0541CF041A1D5BBE00B5315F /* Junction */ = {
			isa = PBXGroup;
			children = (
				0541CF251A1D5C0E00B5315F /* Vendor */,
				0541CF071A1D5BBE00B5315F /* AppDelegate.h */,
				0541CF081A1D5BBE00B5315F /* AppDelegate.m */,
				0541CF0C1A1D5BBE00B5315F /* Images.xcassets */,
				0541CF0E1A1D5BBE00B5315F /* MainMenu.xib */,
				05C22CEA1A1E509C00086C4D /* Icons */,
				0541CF051A1D5BBE00B5315F /* Supporting Files */,
				0541CF6F1A1DAF1B00B5315F /* ConfigViewController.h */,
				0541CF701A1DAF1B00B5315F /* ConfigViewController.m */,
				0541CF711A1DAF1B00B5315F /* ConfigViewController.xib */,
				05031B981A40A1EE00437D20 /* JunctionPacket.h */,
				05031B991A40A1EE00437D20 /* JunctionPacket.m */,
			);
			path = Junction;
			sourceTree = "<group>";
		};
		0541CF051A1D5BBE00B5315F /* Supporting Files */ = {
			isa = PBXGroup;
			children = (
				0541CF061A1D5BBE00B5315F /* Info.plist */,
				0541CF0A1A1D5BBE00B5315F /* main.m */,
			);
			name = "Supporting Files";
			sourceTree = "<group>";
		};
		0541CF181A1D5BBF00B5315F /* JunctionTests */ = {
			isa = PBXGroup;
			children = (
				05031BCB1A40D64A00437D20 /* JunctionPacketTests.m */,
				0541CF191A1D5BBF00B5315F /* Supporting Files */,
			);
			path = JunctionTests;
			sourceTree = "<group>";
		};
		0541CF191A1D5BBF00B5315F /* Supporting Files */ = {
			isa = PBXGroup;
			children = (
				0541CF1A1A1D5BBF00B5315F /* Info.plist */,
			);
			name = "Supporting Files";
			sourceTree = "<group>";
		};
		0541CF251A1D5C0E00B5315F /* Vendor */ = {
			isa = PBXGroup;
			children = (
				05031B9B1A40D55A00437D20 /* msgpack-objectivec */,
			);
			name = Vendor;
			sourceTree = "<group>";
		};
		05C22CEA1A1E509C00086C4D /* Icons */ = {
			isa = PBXGroup;
			children = (
				05C22CDE1A1E509600086C4D /* junction_error16x16.png */,
				05C22CDF1A1E509600086C4D /* junction_error16x16@2x.png */,
				05C22CE01A1E509600086C4D /* junction_offline16x16.png */,
				05C22CE11A1E509600086C4D /* junction_offline16x16@2x.png */,
				05C22CE21A1E509600086C4D /* junction_okay16x16.png */,
				05C22CE31A1E509600086C4D /* junction_okay16x16@2x.png */,
				0541CF6B1A1D5E5300B5315F /* junction16x16.png */,
				0541CF6C1A1D5E5300B5315F /* junction16x16@2x.png */,
			);
			name = Icons;
			sourceTree = "<group>";
		};
		56D63D389FFD01A30374B3AD /* Pods */ = {
			isa = PBXGroup;
			children = (
				3947F718F556E497983BCEBD /* Pods-Junction.debug.xcconfig */,
				8345851BBCDE7EA9428BD949 /* Pods-Junction.release.xcconfig */,
			);
			name = Pods;
			sourceTree = "<group>";
		};
		CEC188876F80E108A0A73CCF /* Frameworks */ = {
			isa = PBXGroup;
			children = (
				AE256E146C72DD715991B087 /* libPods-Junction.a */,
			);
			name = Frameworks;
			sourceTree = "<group>";
		};
/* End PBXGroup section */

/* Begin PBXNativeTarget section */
		0541CF011A1D5BBE00B5315F /* Junction */ = {
			isa = PBXNativeTarget;
			buildConfigurationList = 0541CF1F1A1D5BBF00B5315F /* Build configuration list for PBXNativeTarget "Junction" */;
			buildPhases = (
				0EFF38F35D808C8A59819BBC /* Check Pods Manifest.lock */,
				0541CEFE1A1D5BBE00B5315F /* Sources */,
				0541CEFF1A1D5BBE00B5315F /* Frameworks */,
				0541CF001A1D5BBE00B5315F /* Resources */,
				DDDE61AA53D73C267EC81D19 /* Copy Pods Resources */,
			);
			buildRules = (
			);
			dependencies = (
			);
			name = Junction;
			productName = Junction;
			productReference = 0541CF021A1D5BBE00B5315F /* Junction.app */;
			productType = "com.apple.product-type.application";
		};
		0541CF141A1D5BBF00B5315F /* JunctionTests */ = {
			isa = PBXNativeTarget;
			buildConfigurationList = 0541CF221A1D5BBF00B5315F /* Build configuration list for PBXNativeTarget "JunctionTests" */;
			buildPhases = (
				0541CF111A1D5BBF00B5315F /* Sources */,
				0541CF121A1D5BBF00B5315F /* Frameworks */,
				0541CF131A1D5BBF00B5315F /* Resources */,
			);
			buildRules = (
			);
			dependencies = (
				0541CF171A1D5BBF00B5315F /* PBXTargetDependency */,
			);
			name = JunctionTests;
			productName = JunctionTests;
			productReference = 0541CF151A1D5BBF00B5315F /* JunctionTests.xctest */;
			productType = "com.apple.product-type.bundle.unit-test";
		};
/* End PBXNativeTarget section */

/* Begin PBXProject section */
		0541CEFA1A1D5BBE00B5315F /* Project object */ = {
			isa = PBXProject;
			attributes = {
				LastUpgradeCheck = 0610;
				ORGANIZATIONNAME = "John Hobbs";
				TargetAttributes = {
					0541CF011A1D5BBE00B5315F = {
						CreatedOnToolsVersion = 6.1;
					};
					0541CF141A1D5BBF00B5315F = {
						CreatedOnToolsVersion = 6.1;
						TestTargetID = 0541CF011A1D5BBE00B5315F;
					};
				};
			};
			buildConfigurationList = 0541CEFD1A1D5BBE00B5315F /* Build configuration list for PBXProject "Junction" */;
			compatibilityVersion = "Xcode 3.2";
			developmentRegion = English;
			hasScannedForEncodings = 0;
			knownRegions = (
				en,
				Base,
			);
			mainGroup = 0541CEF91A1D5BBE00B5315F;
			productRefGroup = 0541CF031A1D5BBE00B5315F /* Products */;
			projectDirPath = "";
			projectRoot = "";
			targets = (
				0541CF011A1D5BBE00B5315F /* Junction */,
				0541CF141A1D5BBF00B5315F /* JunctionTests */,
			);
		};
/* End PBXProject section */

/* Begin PBXResourcesBuildPhase section */
		0541CF001A1D5BBE00B5315F /* Resources */ = {
			isa = PBXResourcesBuildPhase;
			buildActionMask = 2147483647;
			files = (
				05C22CE51A1E509600086C4D /* junction_error16x16@2x.png in Resources */,
				05C22CE61A1E509600086C4D /* junction_offline16x16.png in Resources */,
				0541CF0D1A1D5BBE00B5315F /* Images.xcassets in Resources */,
				05C22CE71A1E509600086C4D /* junction_offline16x16@2x.png in Resources */,
				0541CF101A1D5BBE00B5315F /* MainMenu.xib in Resources */,
				05C22CE81A1E509600086C4D /* junction_okay16x16.png in Resources */,
				05C22CE41A1E509600086C4D /* junction_error16x16.png in Resources */,
				0541CF6D1A1D5E5300B5315F /* junction16x16.png in Resources */,
				0541CF731A1DAF1B00B5315F /* ConfigViewController.xib in Resources */,
				0541CF6E1A1D5E5300B5315F /* junction16x16@2x.png in Resources */,
				05C22CE91A1E509600086C4D /* junction_okay16x16@2x.png in Resources */,
			);
			runOnlyForDeploymentPostprocessing = 0;
		};
		0541CF131A1D5BBF00B5315F /* Resources */ = {
			isa = PBXResourcesBuildPhase;
			buildActionMask = 2147483647;
			files = (
			);
			runOnlyForDeploymentPostprocessing = 0;
		};
/* End PBXResourcesBuildPhase section */

/* Begin PBXShellScriptBuildPhase section */
		0EFF38F35D808C8A59819BBC /* Check Pods Manifest.lock */ = {
			isa = PBXShellScriptBuildPhase;
			buildActionMask = 2147483647;
			files = (
			);
			inputPaths = (
			);
			name = "Check Pods Manifest.lock";
			outputPaths = (
			);
			runOnlyForDeploymentPostprocessing = 0;
			shellPath = /bin/sh;
			shellScript = "diff \"${PODS_ROOT}/../Podfile.lock\" \"${PODS_ROOT}/Manifest.lock\" > /dev/null\nif [[ $? != 0 ]] ; then\n    cat << EOM\nerror: The sandbox is not in sync with the Podfile.lock. Run 'pod install' or update your CocoaPods installation.\nEOM\n    exit 1\nfi\n";
			showEnvVarsInLog = 0;
		};
		DDDE61AA53D73C267EC81D19 /* Copy Pods Resources */ = {
			isa = PBXShellScriptBuildPhase;
			buildActionMask = 2147483647;
			files = (
			);
			inputPaths = (
			);
			name = "Copy Pods Resources";
			outputPaths = (
			);
			runOnlyForDeploymentPostprocessing = 0;
			shellPath = /bin/sh;
			shellScript = "\"${SRCROOT}/Pods/Target Support Files/Pods-Junction/Pods-Junction-resources.sh\"\n";
			showEnvVarsInLog = 0;
		};
/* End PBXShellScriptBuildPhase section */

/* Begin PBXSourcesBuildPhase section */
		0541CEFE1A1D5BBE00B5315F /* Sources */ = {
			isa = PBXSourcesBuildPhase;
			buildActionMask = 2147483647;
			files = (
				05031BC41A40D55A00437D20 /* version.c in Sources */,
				05031BC11A40D55A00437D20 /* MessagePackParser.m in Sources */,
				0541CF0B1A1D5BBE00B5315F /* main.m in Sources */,
				05031BC81A40D55A00437D20 /* NSData+MessagePack.m in Sources */,
				05031BC61A40D55A00437D20 /* zone.c in Sources */,
				05031B9A1A40A1EE00437D20 /* JunctionPacket.m in Sources */,
				05031BCA1A40D55A00437D20 /* readme.md in Sources */,
				05031BC31A40D55A00437D20 /* unpack.c in Sources */,
				05031BBF1A40D55A00437D20 /* MessagePackPacker.m in Sources */,
				05031BC21A40D55A00437D20 /* objectc.c in Sources */,
				05031BC71A40D55A00437D20 /* NSArray+MessagePack.m in Sources */,
				0541CF091A1D5BBE00B5315F /* AppDelegate.m in Sources */,
				05031BC01A40D55A00437D20 /* MessagePackParser+Streaming.m in Sources */,
				05031BC91A40D55A00437D20 /* NSDictionary+MessagePack.m in Sources */,
				0541CF721A1DAF1B00B5315F /* ConfigViewController.m in Sources */,
				05031BC51A40D55A00437D20 /* vrefbuffer.c in Sources */,
			);
			runOnlyForDeploymentPostprocessing = 0;
		};
		0541CF111A1D5BBF00B5315F /* Sources */ = {
			isa = PBXSourcesBuildPhase;
			buildActionMask = 2147483647;
			files = (
				05031BCC1A40D64A00437D20 /* JunctionPacketTests.m in Sources */,
			);
			runOnlyForDeploymentPostprocessing = 0;
		};
/* End PBXSourcesBuildPhase section */

/* Begin PBXTargetDependency section */
		0541CF171A1D5BBF00B5315F /* PBXTargetDependency */ = {
			isa = PBXTargetDependency;
			target = 0541CF011A1D5BBE00B5315F /* Junction */;
			targetProxy = 0541CF161A1D5BBF00B5315F /* PBXContainerItemProxy */;
		};
/* End PBXTargetDependency section */

/* Begin PBXVariantGroup section */
		0541CF0E1A1D5BBE00B5315F /* MainMenu.xib */ = {
			isa = PBXVariantGroup;
			children = (
				0541CF0F1A1D5BBE00B5315F /* Base */,
			);
			name = MainMenu.xib;
			sourceTree = "<group>";
		};
/* End PBXVariantGroup section */

/* Begin XCBuildConfiguration section */
		0541CF1D1A1D5BBF00B5315F /* Debug */ = {
			isa = XCBuildConfiguration;
			buildSettings = {
				ALWAYS_SEARCH_USER_PATHS = NO;
				CLANG_CXX_LANGUAGE_STANDARD = "gnu++0x";
				CLANG_CXX_LIBRARY = "libc++";
				CLANG_ENABLE_MODULES = YES;
				CLANG_ENABLE_OBJC_ARC = YES;
				CLANG_WARN_BOOL_CONVERSION = YES;
				CLANG_WARN_CONSTANT_CONVERSION = YES;
				CLANG_WARN_DIRECT_OBJC_ISA_USAGE = YES_ERROR;
				CLANG_WARN_EMPTY_BODY = YES;
				CLANG_WARN_ENUM_CONVERSION = YES;
				CLANG_WARN_INT_CONVERSION = YES;
				CLANG_WARN_OBJC_ROOT_CLASS = YES_ERROR;
				CLANG_WARN_UNREACHABLE_CODE = YES;
				CLANG_WARN__DUPLICATE_METHOD_MATCH = YES;
				CODE_SIGN_IDENTITY = "-";
				COPY_PHASE_STRIP = NO;
				ENABLE_STRICT_OBJC_MSGSEND = YES;
				GCC_C_LANGUAGE_STANDARD = gnu99;
				GCC_DYNAMIC_NO_PIC = NO;
				GCC_OPTIMIZATION_LEVEL = 0;
				GCC_PREPROCESSOR_DEFINITIONS = (
					"DEBUG=1",
					"$(inherited)",
				);
				GCC_SYMBOLS_PRIVATE_EXTERN = NO;
				GCC_WARN_64_TO_32_BIT_CONVERSION = YES;
				GCC_WARN_ABOUT_RETURN_TYPE = YES_ERROR;
				GCC_WARN_UNDECLARED_SELECTOR = YES;
				GCC_WARN_UNINITIALIZED_AUTOS = YES_AGGRESSIVE;
				GCC_WARN_UNUSED_FUNCTION = YES;
				GCC_WARN_UNUSED_VARIABLE = YES;
				MACOSX_DEPLOYMENT_TARGET = 10.10;
				MTL_ENABLE_DEBUG_INFO = YES;
				ONLY_ACTIVE_ARCH = YES;
				SDKROOT = macosx;
			};
			name = Debug;
		};
		0541CF1E1A1D5BBF00B5315F /* Release */ = {
			isa = XCBuildConfiguration;
			buildSettings = {
				ALWAYS_SEARCH_USER_PATHS = NO;
				CLANG_CXX_LANGUAGE_STANDARD = "gnu++0x";
				CLANG_CXX_LIBRARY = "libc++";
				CLANG_ENABLE_MODULES = YES;
				CLANG_ENABLE_OBJC_ARC = YES;
				CLANG_WARN_BOOL_CONVERSION = YES;
				CLANG_WARN_CONSTANT_CONVERSION = YES;
				CLANG_WARN_DIRECT_OBJC_ISA_USAGE = YES_ERROR;
				CLANG_WARN_EMPTY_BODY = YES;
				CLANG_WARN_ENUM_CONVERSION = YES;
				CLANG_WARN_INT_CONVERSION = YES;
				CLANG_WARN_OBJC_ROOT_CLASS = YES_ERROR;
				CLANG_WARN_UNREACHABLE_CODE = YES;
				CLANG_WARN__DUPLICATE_METHOD_MATCH = YES;
				CODE_SIGN_IDENTITY = "-";
				COPY_PHASE_STRIP = YES;
				DEBUG_INFORMATION_FORMAT = "dwarf-with-dsym";
				ENABLE_NS_ASSERTIONS = NO;
				ENABLE_STRICT_OBJC_MSGSEND = YES;
				GCC_C_LANGUAGE_STANDARD = gnu99;
				GCC_WARN_64_TO_32_BIT_CONVERSION = YES;
				GCC_WARN_ABOUT_RETURN_TYPE = YES_ERROR;
				GCC_WARN_UNDECLARED_SELECTOR = YES;
				GCC_WARN_UNINITIALIZED_AUTOS = YES_AGGRESSIVE;
				GCC_WARN_UNUSED_FUNCTION = YES;
				GCC_WARN_UNUSED_VARIABLE = YES;
				MACOSX_DEPLOYMENT_TARGET = 10.10;
				MTL_ENABLE_DEBUG_INFO = NO;
				SDKROOT = macosx;
			};
			name = Release;
		};
		0541CF201A1D5BBF00B5315F /* Debug */ = {
			isa = XCBuildConfiguration;
			baseConfigurationReference = 3947F718F556E497983BCEBD /* Pods-Junction.debug.xcconfig */;
			buildSettings = {
				ASSETCATALOG_COMPILER_APPICON_NAME = AppIcon;
				COMBINE_HIDPI_IMAGES = YES;
				FRAMEWORK_SEARCH_PATHS = (
					"$(inherited)",
					"$(PROJECT_DIR)/SocketRocket-0.3.1-beta2/build/Debug",
				);
				INFOPLIST_FILE = Junction/Info.plist;
				LD_RUNPATH_SEARCH_PATHS = "$(inherited) @executable_path/../Frameworks";
				PRODUCT_NAME = "$(TARGET_NAME)";
			};
			name = Debug;
		};
		0541CF211A1D5BBF00B5315F /* Release */ = {
			isa = XCBuildConfiguration;
			baseConfigurationReference = 8345851BBCDE7EA9428BD949 /* Pods-Junction.release.xcconfig */;
			buildSettings = {
				ASSETCATALOG_COMPILER_APPICON_NAME = AppIcon;
				COMBINE_HIDPI_IMAGES = YES;
				FRAMEWORK_SEARCH_PATHS = (
					"$(inherited)",
					"$(PROJECT_DIR)/SocketRocket-0.3.1-beta2/build/Debug",
				);
				INFOPLIST_FILE = Junction/Info.plist;
				LD_RUNPATH_SEARCH_PATHS = "$(inherited) @executable_path/../Frameworks";
				PRODUCT_NAME = "$(TARGET_NAME)";
			};
			name = Release;
		};
		0541CF231A1D5BBF00B5315F /* Debug */ = {
			isa = XCBuildConfiguration;
			buildSettings = {
				BUNDLE_LOADER = "$(TEST_HOST)";
				COMBINE_HIDPI_IMAGES = YES;
				FRAMEWORK_SEARCH_PATHS = (
					"$(DEVELOPER_FRAMEWORKS_DIR)",
					"$(inherited)",
				);
				GCC_PREPROCESSOR_DEFINITIONS = (
					"DEBUG=1",
					"$(inherited)",
				);
				INFOPLIST_FILE = JunctionTests/Info.plist;
				LD_RUNPATH_SEARCH_PATHS = "$(inherited) @executable_path/../Frameworks @loader_path/../Frameworks";
				PRODUCT_NAME = "$(TARGET_NAME)";
				TEST_HOST = "$(BUILT_PRODUCTS_DIR)/Junction.app/Contents/MacOS/Junction";
			};
			name = Debug;
		};
		0541CF241A1D5BBF00B5315F /* Release */ = {
			isa = XCBuildConfiguration;
			buildSettings = {
				BUNDLE_LOADER = "$(TEST_HOST)";
				COMBINE_HIDPI_IMAGES = YES;
				FRAMEWORK_SEARCH_PATHS = (
					"$(DEVELOPER_FRAMEWORKS_DIR)",
					"$(inherited)",
				);
				INFOPLIST_FILE = JunctionTests/Info.plist;
				LD_RUNPATH_SEARCH_PATHS = "$(inherited) @executable_path/../Frameworks @loader_path/../Frameworks";
				PRODUCT_NAME = "$(TARGET_NAME)";
				TEST_HOST = "$(BUILT_PRODUCTS_DIR)/Junction.app/Contents/MacOS/Junction";
			};
			name = Release;
		};
/* End XCBuildConfiguration section */

/* Begin XCConfigurationList section */
		0541CEFD1A1D5BBE00B5315F /* Build configuration list for PBXProject "Junction" */ = {
			isa = XCConfigurationList;
			buildConfigurations = (
				0541CF1D1A1D5BBF00B5315F /* Debug */,
				0541CF1E1A1D5BBF00B5315F /* Release */,
			);
			defaultConfigurationIsVisible = 0;
			defaultConfigurationName = Release;
		};
		0541CF1F1A1D5BBF00B5315F /* Build configuration list for PBXNativeTarget "Junction" */ = {
			isa = XCConfigurationList;
			buildConfigurations = (
				0541CF201A1D5BBF00B5315F /* Debug */,
				0541CF211A1D5BBF00B5315F /* Release */,
			);
			defaultConfigurationIsVisible = 0;
			defaultConfigurationName = Release;
		};
		0541CF221A1D5BBF00B5315F /* Build configuration list for PBXNativeTarget "JunctionTests" */ = {
			isa = XCConfigurationList;
			buildConfigurations = (
				0541CF231A1D5BBF00B5315F /* Debug */,
				0541CF241A1D5BBF00B5315F /* Release */,
			);
			defaultConfigurationIsVisible = 0;
			defaultConfigurationName = Release;
		};
/* End XCConfigurationList section */
	};
	rootObject = 0541CEFA1A1D5BBE00B5315F /* Project object */;
}
